// !$*UTF8*$!
{
	archiveVersion = 1;
	classes = {
	};
	objectVersion = 48;
	objects = {

/* Begin PBXBuildFile section */
		088B5BF8207E1769008F81C4 /* PremierLeagueViewController.swift in Sources */ = {isa = PBXBuildFile; fileRef = 088B5BF7207E1769008F81C4 /* PremierLeagueViewController.swift */; };
		2E5D7A68205676CC004A8312 /* AppDelegate.swift in Sources */ = {isa = PBXBuildFile; fileRef = 2E5D7A67205676CC004A8312 /* AppDelegate.swift */; };
		2E5D7A6A205676CC004A8312 /* MainViewController.swift in Sources */ = {isa = PBXBuildFile; fileRef = 2E5D7A69205676CC004A8312 /* MainViewController.swift */; };
		2E5D7A6D205676CC004A8312 /* Main.storyboard in Resources */ = {isa = PBXBuildFile; fileRef = 2E5D7A6B205676CC004A8312 /* Main.storyboard */; };
		2E5D7A6F205676CC004A8312 /* Assets.xcassets in Resources */ = {isa = PBXBuildFile; fileRef = 2E5D7A6E205676CC004A8312 /* Assets.xcassets */; };
		2E5D7A72205676CC004A8312 /* LaunchScreen.storyboard in Resources */ = {isa = PBXBuildFile; fileRef = 2E5D7A70205676CC004A8312 /* LaunchScreen.storyboard */; };
		2E5D7A7D205676CC004A8312 /* HelloWorldTests.swift in Sources */ = {isa = PBXBuildFile; fileRef = 2E5D7A7C205676CC004A8312 /* HelloWorldTests.swift */; };
		2E5D7A88205676CC004A8312 /* HelloWorldUITests.swift in Sources */ = {isa = PBXBuildFile; fileRef = 2E5D7A87205676CC004A8312 /* HelloWorldUITests.swift */; };
		2E5D7A9620567FA1004A8312 /* DataManager.swift in Sources */ = {isa = PBXBuildFile; fileRef = 2E5D7A9520567FA1004A8312 /* DataManager.swift */; };
		2E5D7A9820567FDA004A8312 /* ServiceLayer.swift in Sources */ = {isa = PBXBuildFile; fileRef = 2E5D7A9720567FDA004A8312 /* ServiceLayer.swift */; };
		2E5D7A9A2056800A004A8312 /* Networking.swift in Sources */ = {isa = PBXBuildFile; fileRef = 2E5D7A992056800A004A8312 /* Networking.swift */; };
		2E5D7A9C20568026004A8312 /* ViewModel.swift in Sources */ = {isa = PBXBuildFile; fileRef = 2E5D7A9B20568026004A8312 /* ViewModel.swift */; };
		2E5D7A9E20568131004A8312 /* DetailViewController.swift in Sources */ = {isa = PBXBuildFile; fileRef = 2E5D7A9D20568131004A8312 /* DetailViewController.swift */; };
/* End PBXBuildFile section */

/* Begin PBXContainerItemProxy section */
		2E5D7A79205676CC004A8312 /* PBXContainerItemProxy */ = {
			isa = PBXContainerItemProxy;
			containerPortal = 2E5D7A5C205676CC004A8312 /* Project object */;
			proxyType = 1;
			remoteGlobalIDString = 2E5D7A63205676CC004A8312;
			remoteInfo = HelloWorld;
		};
		2E5D7A84205676CC004A8312 /* PBXContainerItemProxy */ = {
			isa = PBXContainerItemProxy;
			containerPortal = 2E5D7A5C205676CC004A8312 /* Project object */;
			proxyType = 1;
			remoteGlobalIDString = 2E5D7A63205676CC004A8312;
			remoteInfo = HelloWorld;
		};
/* End PBXContainerItemProxy section */

/* Begin PBXFileReference section */
		088B5BF7207E1769008F81C4 /* PremierLeagueViewController.swift */ = {isa = PBXFileReference; lastKnownFileType = sourcecode.swift; path = PremierLeagueViewController.swift; sourceTree = "<group>"; };
		2E5D7A64205676CC004A8312 /* HelloWorld.app */ = {isa = PBXFileReference; explicitFileType = wrapper.application; includeInIndex = 0; path = HelloWorld.app; sourceTree = BUILT_PRODUCTS_DIR; };
		2E5D7A67205676CC004A8312 /* AppDelegate.swift */ = {isa = PBXFileReference; lastKnownFileType = sourcecode.swift; path = AppDelegate.swift; sourceTree = "<group>"; };
		2E5D7A69205676CC004A8312 /* MainViewController.swift */ = {isa = PBXFileReference; lastKnownFileType = sourcecode.swift; path = MainViewController.swift; sourceTree = "<group>"; };
		2E5D7A6C205676CC004A8312 /* Base */ = {isa = PBXFileReference; lastKnownFileType = file.storyboard; name = Base; path = Base.lproj/Main.storyboard; sourceTree = "<group>"; };
		2E5D7A6E205676CC004A8312 /* Assets.xcassets */ = {isa = PBXFileReference; lastKnownFileType = folder.assetcatalog; path = Assets.xcassets; sourceTree = "<group>"; };
		2E5D7A71205676CC004A8312 /* Base */ = {isa = PBXFileReference; lastKnownFileType = file.storyboard; name = Base; path = Base.lproj/LaunchScreen.storyboard; sourceTree = "<group>"; };
		2E5D7A73205676CC004A8312 /* Info.plist */ = {isa = PBXFileReference; lastKnownFileType = text.plist.xml; path = Info.plist; sourceTree = "<group>"; };
		2E5D7A78205676CC004A8312 /* HelloWorldTests.xctest */ = {isa = PBXFileReference; explicitFileType = wrapper.cfbundle; includeInIndex = 0; path = HelloWorldTests.xctest; sourceTree = BUILT_PRODUCTS_DIR; };
		2E5D7A7C205676CC004A8312 /* HelloWorldTests.swift */ = {isa = PBXFileReference; lastKnownFileType = sourcecode.swift; path = HelloWorldTests.swift; sourceTree = "<group>"; };
		2E5D7A7E205676CC004A8312 /* Info.plist */ = {isa = PBXFileReference; lastKnownFileType = text.plist.xml; path = Info.plist; sourceTree = "<group>"; };
		2E5D7A83205676CC004A8312 /* HelloWorldUITests.xctest */ = {isa = PBXFileReference; explicitFileType = wrapper.cfbundle; includeInIndex = 0; path = HelloWorldUITests.xctest; sourceTree = BUILT_PRODUCTS_DIR; };
		2E5D7A87205676CC004A8312 /* HelloWorldUITests.swift */ = {isa = PBXFileReference; lastKnownFileType = sourcecode.swift; path = HelloWorldUITests.swift; sourceTree = "<group>"; };
		2E5D7A89205676CC004A8312 /* Info.plist */ = {isa = PBXFileReference; lastKnownFileType = text.plist.xml; path = Info.plist; sourceTree = "<group>"; };
		2E5D7A9520567FA1004A8312 /* DataManager.swift */ = {isa = PBXFileReference; lastKnownFileType = sourcecode.swift; path = DataManager.swift; sourceTree = "<group>"; };
		2E5D7A9720567FDA004A8312 /* ServiceLayer.swift */ = {isa = PBXFileReference; lastKnownFileType = sourcecode.swift; path = ServiceLayer.swift; sourceTree = "<group>"; };
		2E5D7A992056800A004A8312 /* Networking.swift */ = {isa = PBXFileReference; lastKnownFileType = sourcecode.swift; path = Networking.swift; sourceTree = "<group>"; };
		2E5D7A9B20568026004A8312 /* ViewModel.swift */ = {isa = PBXFileReference; lastKnownFileType = sourcecode.swift; path = ViewModel.swift; sourceTree = "<group>"; };
		2E5D7A9D20568131004A8312 /* DetailViewController.swift */ = {isa = PBXFileReference; lastKnownFileType = sourcecode.swift; path = DetailViewController.swift; sourceTree = "<group>"; };
/* End PBXFileReference section */

/* Begin PBXFrameworksBuildPhase section */
		2E5D7A61205676CC004A8312 /* Frameworks */ = {
			isa = PBXFrameworksBuildPhase;
			buildActionMask = 2147483647;
			files = (
			);
			runOnlyForDeploymentPostprocessing = 0;
		};
		2E5D7A75205676CC004A8312 /* Frameworks */ = {
			isa = PBXFrameworksBuildPhase;
			buildActionMask = 2147483647;
			files = (
			);
			runOnlyForDeploymentPostprocessing = 0;
		};
		2E5D7A80205676CC004A8312 /* Frameworks */ = {
			isa = PBXFrameworksBuildPhase;
			buildActionMask = 2147483647;
			files = (
			);
			runOnlyForDeploymentPostprocessing = 0;
		};
/* End PBXFrameworksBuildPhase section */

/* Begin PBXGroup section */
		2E5D7A5B205676CC004A8312 = {
			isa = PBXGroup;
			children = (
				2E5D7A66205676CC004A8312 /* HelloWorld */,
				2E5D7A7B205676CC004A8312 /* HelloWorldTests */,
				2E5D7A86205676CC004A8312 /* HelloWorldUITests */,
				2E5D7A65205676CC004A8312 /* Products */,
			);
			sourceTree = "<group>";
		};
		2E5D7A65205676CC004A8312 /* Products */ = {
			isa = PBXGroup;
			children = (
				2E5D7A64205676CC004A8312 /* HelloWorld.app */,
				2E5D7A78205676CC004A8312 /* HelloWorldTests.xctest */,
				2E5D7A83205676CC004A8312 /* HelloWorldUITests.xctest */,
			);
			name = Products;
			sourceTree = "<group>";
		};
		2E5D7A66205676CC004A8312 /* HelloWorld */ = {
			isa = PBXGroup;
			children = (
				2E5D7A67205676CC004A8312 /* AppDelegate.swift */,
				2E5D7A69205676CC004A8312 /* MainViewController.swift */,
				2E5D7A6B205676CC004A8312 /* Main.storyboard */,
				2E5D7A6E205676CC004A8312 /* Assets.xcassets */,
				2E5D7A70205676CC004A8312 /* LaunchScreen.storyboard */,
				2E5D7A73205676CC004A8312 /* Info.plist */,
				2E5D7A9520567FA1004A8312 /* DataManager.swift */,
				2E5D7A9720567FDA004A8312 /* ServiceLayer.swift */,
				2E5D7A992056800A004A8312 /* Networking.swift */,
				2E5D7A9B20568026004A8312 /* ViewModel.swift */,
				2E5D7A9D20568131004A8312 /* DetailViewController.swift */,
				088B5BF7207E1769008F81C4 /* PremierLeagueViewController.swift */,
			);
			path = HelloWorld;
			sourceTree = "<group>";
		};
		2E5D7A7B205676CC004A8312 /* HelloWorldTests */ = {
			isa = PBXGroup;
			children = (
				2E5D7A7C205676CC004A8312 /* HelloWorldTests.swift */,
				2E5D7A7E205676CC004A8312 /* Info.plist */,
			);
			path = HelloWorldTests;
			sourceTree = "<group>";
		};
		2E5D7A86205676CC004A8312 /* HelloWorldUITests */ = {
			isa = PBXGroup;
			children = (
				2E5D7A87205676CC004A8312 /* HelloWorldUITests.swift */,
				2E5D7A89205676CC004A8312 /* Info.plist */,
			);
			path = HelloWorldUITests;
			sourceTree = "<group>";
		};
/* End PBXGroup section */

/* Begin PBXNativeTarget section */
		2E5D7A63205676CC004A8312 /* HelloWorld */ = {
			isa = PBXNativeTarget;
			buildConfigurationList = 2E5D7A8C205676CC004A8312 /* Build configuration list for PBXNativeTarget "HelloWorld" */;
			buildPhases = (
				2E5D7A60205676CC004A8312 /* Sources */,
				2E5D7A61205676CC004A8312 /* Frameworks */,
				2E5D7A62205676CC004A8312 /* Resources */,
			);
			buildRules = (
			);
			dependencies = (
			);
			name = HelloWorld;
			productName = HelloWorld;
			productReference = 2E5D7A64205676CC004A8312 /* HelloWorld.app */;
			productType = "com.apple.product-type.application";
		};
		2E5D7A77205676CC004A8312 /* HelloWorldTests */ = {
			isa = PBXNativeTarget;
			buildConfigurationList = 2E5D7A8F205676CC004A8312 /* Build configuration list for PBXNativeTarget "HelloWorldTests" */;
			buildPhases = (
				2E5D7A74205676CC004A8312 /* Sources */,
				2E5D7A75205676CC004A8312 /* Frameworks */,
				2E5D7A76205676CC004A8312 /* Resources */,
			);
			buildRules = (
			);
			dependencies = (
				2E5D7A7A205676CC004A8312 /* PBXTargetDependency */,
			);
			name = HelloWorldTests;
			productName = HelloWorldTests;
			productReference = 2E5D7A78205676CC004A8312 /* HelloWorldTests.xctest */;
			productType = "com.apple.product-type.bundle.unit-test";
		};
		2E5D7A82205676CC004A8312 /* HelloWorldUITests */ = {
			isa = PBXNativeTarget;
			buildConfigurationList = 2E5D7A92205676CC004A8312 /* Build configuration list for PBXNativeTarget "HelloWorldUITests" */;
			buildPhases = (
				2E5D7A7F205676CC004A8312 /* Sources */,
				2E5D7A80205676CC004A8312 /* Frameworks */,
				2E5D7A81205676CC004A8312 /* Resources */,
			);
			buildRules = (
			);
			dependencies = (
				2E5D7A85205676CC004A8312 /* PBXTargetDependency */,
			);
			name = HelloWorldUITests;
			productName = HelloWorldUITests;
			productReference = 2E5D7A83205676CC004A8312 /* HelloWorldUITests.xctest */;
			productType = "com.apple.product-type.bundle.ui-testing";
		};
/* End PBXNativeTarget section */

/* Begin PBXProject section */
		2E5D7A5C205676CC004A8312 /* Project object */ = {
			isa = PBXProject;
			attributes = {
				LastSwiftUpdateCheck = 0900;
				LastUpgradeCheck = 0900;
				ORGANIZATIONNAME = "Khiem Huynh";
				TargetAttributes = {
					2E5D7A63205676CC004A8312 = {
						CreatedOnToolsVersion = 9.0.1;
						ProvisioningStyle = Automatic;
					};
					2E5D7A77205676CC004A8312 = {
						CreatedOnToolsVersion = 9.0.1;
						ProvisioningStyle = Automatic;
						TestTargetID = 2E5D7A63205676CC004A8312;
					};
					2E5D7A82205676CC004A8312 = {
						CreatedOnToolsVersion = 9.0.1;
						ProvisioningStyle = Automatic;
						TestTargetID = 2E5D7A63205676CC004A8312;
					};
				};
			};
			buildConfigurationList = 2E5D7A5F205676CC004A8312 /* Build configuration list for PBXProject "HelloWorld" */;
			compatibilityVersion = "Xcode 8.0";
			developmentRegion = en;
			hasScannedForEncodings = 0;
			knownRegions = (
				en,
				Base,
			);
			mainGroup = 2E5D7A5B205676CC004A8312;
			productRefGroup = 2E5D7A65205676CC004A8312 /* Products */;
			projectDirPath = "";
			projectRoot = "";
			targets = (
				2E5D7A63205676CC004A8312 /* HelloWorld */,
				2E5D7A77205676CC004A8312 /* HelloWorldTests */,
				2E5D7A82205676CC004A8312 /* HelloWorldUITests */,
			);
		};
/* End PBXProject section */

/* Begin PBXResourcesBuildPhase section */
		2E5D7A62205676CC004A8312 /* Resources */ = {
			isa = PBXResourcesBuildPhase;
			buildActionMask = 2147483647;
			files = (
				2E5D7A72205676CC004A8312 /* LaunchScreen.storyboard in Resources */,
				2E5D7A6F205676CC004A8312 /* Assets.xcassets in Resources */,
				2E5D7A6D205676CC004A8312 /* Main.storyboard in Resources */,
			);
			runOnlyForDeploymentPostprocessing = 0;
		};
		2E5D7A76205676CC004A8312 /* Resources */ = {
			isa = PBXResourcesBuildPhase;
			buildActionMask = 2147483647;
			files = (
			);
			runOnlyForDeploymentPostprocessing = 0;
		};
		2E5D7A81205676CC004A8312 /* Resources */ = {
			isa = PBXResourcesBuildPhase;
			buildActionMask = 2147483647;
			files = (
			);
			runOnlyForDeploymentPostprocessing = 0;
		};
/* End PBXResourcesBuildPhase section */

/* Begin PBXSourcesBuildPhase section */
		2E5D7A60205676CC004A8312 /* Sources */ = {
			isa = PBXSourcesBuildPhase;
			buildActionMask = 2147483647;
			files = (
				2E5D7A6A205676CC004A8312 /* MainViewController.swift in Sources */,
				2E5D7A9A2056800A004A8312 /* Networking.swift in Sources */,
				2E5D7A9620567FA1004A8312 /* DataManager.swift in Sources */,
				2E5D7A68205676CC004A8312 /* AppDelegate.swift in Sources */,
				2E5D7A9C20568026004A8312 /* ViewModel.swift in Sources */,
				2E5D7A9820567FDA004A8312 /* ServiceLayer.swift in Sources */,
				088B5BF8207E1769008F81C4 /* PremierLeagueViewController.swift in Sources */,
				2E5D7A9E20568131004A8312 /* DetailViewController.swift in Sources */,
			);
			runOnlyForDeploymentPostprocessing = 0;
		};
		2E5D7A74205676CC004A8312 /* Sources */ = {
			isa = PBXSourcesBuildPhase;
			buildActionMask = 2147483647;
			files = (
				2E5D7A7D205676CC004A8312 /* HelloWorldTests.swift in Sources */,
			);
			runOnlyForDeploymentPostprocessing = 0;
		};
		2E5D7A7F205676CC004A8312 /* Sources */ = {
			isa = PBXSourcesBuildPhase;
			buildActionMask = 2147483647;
			files = (
				2E5D7A88205676CC004A8312 /* HelloWorldUITests.swift in Sources */,
			);
			runOnlyForDeploymentPostprocessing = 0;
		};
/* End PBXSourcesBuildPhase section */

/* Begin PBXTargetDependency section */
		2E5D7A7A205676CC004A8312 /* PBXTargetDependency */ = {
			isa = PBXTargetDependency;
			target = 2E5D7A63205676CC004A8312 /* HelloWorld */;
			targetProxy = 2E5D7A79205676CC004A8312 /* PBXContainerItemProxy */;
		};
		2E5D7A85205676CC004A8312 /* PBXTargetDependency */ = {
			isa = PBXTargetDependency;
			target = 2E5D7A63205676CC004A8312 /* HelloWorld */;
			targetProxy = 2E5D7A84205676CC004A8312 /* PBXContainerItemProxy */;
		};
/* End PBXTargetDependency section */

/* Begin PBXVariantGroup section */
		2E5D7A6B205676CC004A8312 /* Main.storyboard */ = {
			isa = PBXVariantGroup;
			children = (
				2E5D7A6C205676CC004A8312 /* Base */,
			);
			name = Main.storyboard;
			sourceTree = "<group>";
		};
		2E5D7A70205676CC004A8312 /* LaunchScreen.storyboard */ = {
			isa = PBXVariantGroup;
			children = (
				2E5D7A71205676CC004A8312 /* Base */,
			);
			name = LaunchScreen.storyboard;
			sourceTree = "<group>";
		};
/* End PBXVariantGroup section */

/* Begin XCBuildConfiguration section */
		2E5D7A8A205676CC004A8312 /* Debug */ = {
			isa = XCBuildConfiguration;
			buildSettings = {
				ALWAYS_SEARCH_USER_PATHS = NO;
				CLANG_ANALYZER_NONNULL = YES;
				CLANG_ANALYZER_NUMBER_OBJECT_CONVERSION = YES_AGGRESSIVE;
				CLANG_CXX_LANGUAGE_STANDARD = "gnu++14";
				CLANG_CXX_LIBRARY = "libc++";
				CLANG_ENABLE_MODULES = YES;
				CLANG_ENABLE_OBJC_ARC = YES;
				CLANG_WARN_BLOCK_CAPTURE_AUTORELEASING = YES;
				CLANG_WARN_BOOL_CONVERSION = YES;
				CLANG_WARN_COMMA = YES;
				CLANG_WARN_CONSTANT_CONVERSION = YES;
				CLANG_WARN_DIRECT_OBJC_ISA_USAGE = YES_ERROR;
				CLANG_WARN_DOCUMENTATION_COMMENTS = YES;
				CLANG_WARN_EMPTY_BODY = YES;
				CLANG_WARN_ENUM_CONVERSION = YES;
				CLANG_WARN_INFINITE_RECURSION = YES;
				CLANG_WARN_INT_CONVERSION = YES;
				CLANG_WARN_NON_LITERAL_NULL_CONVERSION = YES;
				CLANG_WARN_OBJC_LITERAL_CONVERSION = YES;
				CLANG_WARN_OBJC_ROOT_CLASS = YES_ERROR;
				CLANG_WARN_RANGE_LOOP_ANALYSIS = YES;
				CLANG_WARN_STRICT_PROTOTYPES = YES;
				CLANG_WARN_SUSPICIOUS_MOVE = YES;
				CLANG_WARN_UNGUARDED_AVAILABILITY = YES_AGGRESSIVE;
				CLANG_WARN_UNREACHABLE_CODE = YES;
				CLANG_WARN__DUPLICATE_METHOD_MATCH = YES;
				CODE_SIGN_IDENTITY = "iPhone Developer";
				COPY_PHASE_STRIP = NO;
				DEBUG_INFORMATION_FORMAT = dwarf;
				ENABLE_STRICT_OBJC_MSGSEND = YES;
				ENABLE_TESTABILITY = YES;
				GCC_C_LANGUAGE_STANDARD = gnu11;
				GCC_DYNAMIC_NO_PIC = NO;
				GCC_NO_COMMON_BLOCKS = YES;
				GCC_OPTIMIZATION_LEVEL = 0;
				GCC_PREPROCESSOR_DEFINITIONS = (
					"DEBUG=1",
					"$(inherited)",
				);
				GCC_WARN_64_TO_32_BIT_CONVERSION = YES;
				GCC_WARN_ABOUT_RETURN_TYPE = YES_ERROR;
				GCC_WARN_UNDECLARED_SELECTOR = YES;
				GCC_WARN_UNINITIALIZED_AUTOS = YES_AGGRESSIVE;
				GCC_WARN_UNUSED_FUNCTION = YES;
				GCC_WARN_UNUSED_VARIABLE = YES;
				IPHONEOS_DEPLOYMENT_TARGET = 11.0;
				MTL_ENABLE_DEBUG_INFO = YES;
				ONLY_ACTIVE_ARCH = YES;
				SDKROOT = iphoneos;
				SWIFT_ACTIVE_COMPILATION_CONDITIONS = DEBUG;
				SWIFT_OPTIMIZATION_LEVEL = "-Onone";
			};
			name = Debug;
		};
		2E5D7A8B205676CC004A8312 /* Release */ = {
			isa = XCBuildConfiguration;
			buildSettings = {
				ALWAYS_SEARCH_USER_PATHS = NO;
				CLANG_ANALYZER_NONNULL = YES;
				CLANG_ANALYZER_NUMBER_OBJECT_CONVERSION = YES_AGGRESSIVE;
				CLANG_CXX_LANGUAGE_STANDARD = "gnu++14";
				CLANG_CXX_LIBRARY = "libc++";
				CLANG_ENABLE_MODULES = YES;
				CLANG_ENABLE_OBJC_ARC = YES;
				CLANG_WARN_BLOCK_CAPTURE_AUTORELEASING = YES;
				CLANG_WARN_BOOL_CONVERSION = YES;
				CLANG_WARN_COMMA = YES;
				CLANG_WARN_CONSTANT_CONVERSION = YES;
				CLANG_WARN_DIRECT_OBJC_ISA_USAGE = YES_ERROR;
				CLANG_WARN_DOCUMENTATION_COMMENTS = YES;
				CLANG_WARN_EMPTY_BODY = YES;
				CLANG_WARN_ENUM_CONVERSION = YES;
				CLANG_WARN_INFINITE_RECURSION = YES;
				CLANG_WARN_INT_CONVERSION = YES;
				CLANG_WARN_NON_LITERAL_NULL_CONVERSION = YES;
				CLANG_WARN_OBJC_LITERAL_CONVERSION = YES;
				CLANG_WARN_OBJC_ROOT_CLASS = YES_ERROR;
				CLANG_WARN_RANGE_LOOP_ANALYSIS = YES;
				CLANG_WARN_STRICT_PROTOTYPES = YES;
				CLANG_WARN_SUSPICIOUS_MOVE = YES;
				CLANG_WARN_UNGUARDED_AVAILABILITY = YES_AGGRESSIVE;
				CLANG_WARN_UNREACHABLE_CODE = YES;
				CLANG_WARN__DUPLICATE_METHOD_MATCH = YES;
				CODE_SIGN_IDENTITY = "iPhone Developer";
				COPY_PHASE_STRIP = NO;
				DEBUG_INFORMATION_FORMAT = "dwarf-with-dsym";
				ENABLE_NS_ASSERTIONS = NO;
				ENABLE_STRICT_OBJC_MSGSEND = YES;
				GCC_C_LANGUAGE_STANDARD = gnu11;
				GCC_NO_COMMON_BLOCKS = YES;
				GCC_WARN_64_TO_32_BIT_CONVERSION = YES;
				GCC_WARN_ABOUT_RETURN_TYPE = YES_ERROR;
				GCC_WARN_UNDECLARED_SELECTOR = YES;
				GCC_WARN_UNINITIALIZED_AUTOS = YES_AGGRESSIVE;
				GCC_WARN_UNUSED_FUNCTION = YES;
				GCC_WARN_UNUSED_VARIABLE = YES;
				IPHONEOS_DEPLOYMENT_TARGET = 11.0;
				MTL_ENABLE_DEBUG_INFO = NO;
				SDKROOT = iphoneos;
				SWIFT_OPTIMIZATION_LEVEL = "-Owholemodule";
				VALIDATE_PRODUCT = YES;
			};
			name = Release;
		};
		2E5D7A8D205676CC004A8312 /* Debug */ = {
			isa = XCBuildConfiguration;
			buildSettings = {
				ASSETCATALOG_COMPILER_APPICON_NAME = AppIcon;
				CODE_SIGN_STYLE = Automatic;
				INFOPLIST_FILE = HelloWorld/Info.plist;
				LD_RUNPATH_SEARCH_PATHS = "$(inherited) @executable_path/Frameworks";
				PRODUCT_BUNDLE_IDENTIFIER = vn.khiemht.HelloWorld;
				PRODUCT_NAME = "$(TARGET_NAME)";
				SWIFT_VERSION = 4.0;
				TARGETED_DEVICE_FAMILY = "1,2";
			};
			name = Debug;
		};
		2E5D7A8E205676CC004A8312 /* Release */ = {
			isa = XCBuildConfiguration;
			buildSettings = {
				ASSETCATALOG_COMPILER_APPICON_NAME = AppIcon;
				CODE_SIGN_STYLE = Automatic;
				INFOPLIST_FILE = HelloWorld/Info.plist;
				LD_RUNPATH_SEARCH_PATHS = "$(inherited) @executable_path/Frameworks";
				PRODUCT_BUNDLE_IDENTIFIER = vn.khiemht.HelloWorld;
				PRODUCT_NAME = "$(TARGET_NAME)";
				SWIFT_VERSION = 4.0;
				TARGETED_DEVICE_FAMILY = "1,2";
			};
			name = Release;
		};
		2E5D7A90205676CC004A8312 /* Debug */ = {
			isa = XCBuildConfiguration;
			buildSettings = {
				ALWAYS_EMBED_SWIFT_STANDARD_LIBRARIES = YES;
				BUNDLE_LOADER = "$(TEST_HOST)";
				CODE_SIGN_STYLE = Automatic;
				INFOPLIST_FILE = HelloWorldTests/Info.plist;
				LD_RUNPATH_SEARCH_PATHS = "$(inherited) @executable_path/Frameworks @loader_path/Frameworks";
				PRODUCT_BUNDLE_IDENTIFIER = vn.khiemht.HelloWorldTests;
				PRODUCT_NAME = "$(TARGET_NAME)";
				SWIFT_VERSION = 4.0;
				TARGETED_DEVICE_FAMILY = "1,2";
				TEST_HOST = "$(BUILT_PRODUCTS_DIR)/HelloWorld.app/HelloWorld";
			};
			name = Debug;
		};
		2E5D7A91205676CC004A8312 /* Release */ = {
			isa = XCBuildConfiguration;
			buildSettings = {
				ALWAYS_EMBED_SWIFT_STANDARD_LIBRARIES = YES;
				BUNDLE_LOADER = "$(TEST_HOST)";
				CODE_SIGN_STYLE = Automatic;
				INFOPLIST_FILE = HelloWorldTests/Info.plist;
				LD_RUNPATH_SEARCH_PATHS = "$(inherited) @executable_path/Frameworks @loader_path/Frameworks";
				PRODUCT_BUNDLE_IDENTIFIER = vn.khiemht.HelloWorldTests;
				PRODUCT_NAME = "$(TARGET_NAME)";
				SWIFT_VERSION = 4.0;
				TARGETED_DEVICE_FAMILY = "1,2";
				TEST_HOST = "$(BUILT_PRODUCTS_DIR)/HelloWorld.app/HelloWorld";
			};
			name = Release;
		};
		2E5D7A93205676CC004A8312 /* Debug */ = {
			isa = XCBuildConfiguration;
			buildSettings = {
				ALWAYS_EMBED_SWIFT_STANDARD_LIBRARIES = YES;
				CODE_SIGN_STYLE = Automatic;
				INFOPLIST_FILE = HelloWorldUITests/Info.plist;
				LD_RUNPATH_SEARCH_PATHS = "$(inherited) @executable_path/Frameworks @loader_path/Frameworks";
				PRODUCT_BUNDLE_IDENTIFIER = vn.khiemht.HelloWorldUITests;
				PRODUCT_NAME = "$(TARGET_NAME)";
				SWIFT_VERSION = 4.0;
				TARGETED_DEVICE_FAMILY = "1,2";
				TEST_TARGET_NAME = HelloWorld;
			};
			name = Debug;
		};
		2E5D7A94205676CC004A8312 /* Release */ = {
			isa = XCBuildConfiguration;
			buildSettings = {
				ALWAYS_EMBED_SWIFT_STANDARD_LIBRARIES = YES;
				CODE_SIGN_STYLE = Automatic;
				INFOPLIST_FILE = HelloWorldUITests/Info.plist;
				LD_RUNPATH_SEARCH_PATHS = "$(inherited) @executable_path/Frameworks @loader_path/Frameworks";
				PRODUCT_BUNDLE_IDENTIFIER = vn.khiemht.HelloWorldUITests;
				PRODUCT_NAME = "$(TARGET_NAME)";
				SWIFT_VERSION = 4.0;
				TARGETED_DEVICE_FAMILY = "1,2";
				TEST_TARGET_NAME = HelloWorld;
			};
			name = Release;
		};
/* End XCBuildConfiguration section */

/* Begin XCConfigurationList section */
		2E5D7A5F205676CC004A8312 /* Build configuration list for PBXProject "HelloWorld" */ = {
			isa = XCConfigurationList;
			buildConfigurations = (
				2E5D7A8A205676CC004A8312 /* Debug */,
				2E5D7A8B205676CC004A8312 /* Release */,
			);
			defaultConfigurationIsVisible = 0;
			defaultConfigurationName = Release;
		};
		2E5D7A8C205676CC004A8312 /* Build configuration list for PBXNativeTarget "HelloWorld" */ = {
			isa = XCConfigurationList;
			buildConfigurations = (
				2E5D7A8D205676CC004A8312 /* Debug */,
				2E5D7A8E205676CC004A8312 /* Release */,
			);
			defaultConfigurationIsVisible = 0;
			defaultConfigurationName = Release;
		};
		2E5D7A8F205676CC004A8312 /* Build configuration list for PBXNativeTarget "HelloWorldTests" */ = {
			isa = XCConfigurationList;
			buildConfigurations = (
				2E5D7A90205676CC004A8312 /* Debug */,
				2E5D7A91205676CC004A8312 /* Release */,
			);
			defaultConfigurationIsVisible = 0;
			defaultConfigurationName = Release;
		};
		2E5D7A92205676CC004A8312 /* Build configuration list for PBXNativeTarget "HelloWorldUITests" */ = {
			isa = XCConfigurationList;
			buildConfigurations = (
				2E5D7A93205676CC004A8312 /* Debug */,
				2E5D7A94205676CC004A8312 /* Release */,
			);
			defaultConfigurationIsVisible = 0;
			defaultConfigurationName = Release;
		};
/* End XCConfigurationList section */
	};
	rootObject = 2E5D7A5C205676CC004A8312 /* Project object */;
}
